{
  "name": "echarts-test",
  "lockfileVersion": 2,
  "requires": true,
  "packages": {
    "": {
      "dependencies": {
        "echarts": "^5.1.0",
        "jquery": "^3.6.0"
      }
    },
    "node_modules/echarts": {
      "version": "5.1.0",
      "resolved": "https://registry.npm.taobao.org/echarts/download/echarts-5.1.0.tgz",
      "integrity": "sha1-dozFhaoJJWD0jwGy1S3kk67s0rA=",
      "dependencies": {
        "tslib": "2.0.3",
        "zrender": "5.1.0"
      }
    },
    "node_modules/jquery": {
      "version": "3.6.0",
      "resolved": "https://registry.npm.taobao.org/jquery/download/jquery-3.6.0.tgz?cache=0&sync_timestamp=1614705639458&other_urls=https%3A%2F%2Fregistry.npm.taobao.org%2Fjquery%2Fdownload%2Fjquery-3.6.0.tgz",
      "integrity": "sha1-xyoJ8Vwb3OFC9J2/EXC9+K2sJHA="
    },
    "node_modules/tslib": {
      "version": "2.0.3",
      "resolved": "https://registry.npm.taobao.org/tslib/download/tslib-2.0.3.tgz?cache=0&sync_timestamp=1617647281845&other_urls=https%3A%2F%2Fregistry.npm.taobao.org%2Ftslib%2Fdownload%2Ftslib-2.0.3.tgz",
      "integrity": "sha1-jgdBrEX8DCJuWKF7/D5kubxsphw="
    },
    "node_modules/zrender": {
      "version": "5.1.0",
      "resolved": "https://registry.npm.taobao.org/zrender/download/zrender-5.1.0.tgz?cache=0&sync_timestamp=1618215769844&other_urls=https%3A%2F%2Fregistry.npm.taobao.org%2Fzrender%2Fdownload%2Fzrender-5.1.0.tgz",
      "integrity": "sha1-tqhMOqfMxmQu4FGZAcpMCDXE2F4=",
      "dependencies": {
        "tslib": "2.0.3"
      }
    }
  },
  "dependencies": {
    "echarts": {
      "version": "5.1.0",
      "resolved": "https://registry.npm.taobao.org/echarts/download/echarts-5.1.0.tgz",
      "integrity": "sha1-dozFhaoJJWD0jwGy1S3kk67s0rA=",
      "requires": {
        "tslib": "2.0.3",
        "zrender": "5.1.0"
      }
    },
    "jquery": {
      "version": "3.6.0",
      "resolved": "https://registry.npm.taobao.org/jquery/download/jquery-3.6.0.tgz?cache=0&sync_timestamp=1614705639458&other_urls=https%3A%2F%2Fregistry.npm.taobao.org%2Fjquery%2Fdownload%2Fjquery-3.6.0.tgz",
      "integrity": "sha1-xyoJ8Vwb3OFC9J2/EXC9+K2sJHA="
    },
    "tslib": {
      "version": "2.0.3",
      "resolved": "https://registry.npm.taobao.org/tslib/download/tslib-2.0.3.tgz?cache=0&sync_timestamp=1617647281845&other_urls=https%3A%2F%2Fregistry.npm.taobao.org%2Ftslib%2Fdownload%2Ftslib-2.0.3.tgz",
      "integrity": "sha1-jgdBrEX8DCJuWKF7/D5kubxsphw="
    },
    "zrender": {
      "version": "5.1.0",
      "resolved": "https://registry.npm.taobao.org/zrender/download/zrender-5.1.0.tgz?cache=0&sync_timestamp=1618215769844&other_urls=https%3A%2F%2Fregistry.npm.taobao.org%2Fzrender%2Fdownload%2Fzrender-5.1.0.tgz",
      "integrity": "sha1-tqhMOqfMxmQu4FGZAcpMCDXE2F4=",
      "requires": {
        "tslib": "2.0.3"
      }
    }
  }
}
